
using System;
using System.Collections.Generic;
using System.ComponentModel;
using System.Data;
using System.Drawing;
using System.Linq;
using System.Text;
using System.Threading.Tasks;
using System.Windows.Forms;
using MySql.Data.MySqlClient;


namespace Practise
{
    public partial class Form2 : Form
    {
        private MySqlConnection connection;
        public Form2()
        {
            InitializeComponent();
            string connectionString = "Server=localhost;Database=iipixxiimikhaylovln;Uid=root;Pwd=Pa$$w0rd;";
            connection = new MySqlConnection(connectionString);
        }

        private void button1_Click(object sender, EventArgs e)
        {
            try
            { 
                var ip = textBox1.Text;
                var date = dateTimePicker1.Value.ToString();
                var url = textBox2.Text;
                var status_code = Convert.ToInt32(textBox3.Text);
                connection.Open();
                string query = "INSERT INTO ApacheLogs(ip_address,date_time,request_url,status_code) values (@ip,@date,@url,@status_code);";
                MySqlCommand cmd = new MySqlCommand(query, connection);
                cmd.ExecuteNonQuery();
                MessageBox.Show("Данные успешно сохранены в базу данных!");
            }
            catch(Exception ex)
            {
                MessageBox.Show(ex.Message);
            }
        }
    }
}
